
Microsoft Visual Studio Solution File, Format Version 12.00
# Visual Studio Version 17
VisualStudioVersion = 17.11.35222.181
MinimumVisualStudioVersion = 10.0.40219.1
Project("{FAE04EC0-301F-11D3-BF4B-00C04F79EFBC}") = "LagerApp(final)", "LagerApp(final)\LagerApp(final).csproj", "{7D0E42BC-64A1-4E54-BB45-CEF55E4AF066}"
EndProject
Global
	GlobalSection(SolutionConfigurationPlatforms) = preSolution
		Debug|Any CPU = Debug|Any CPU
		Release|Any CPU = Release|Any CPU
	EndGlobalSection
	GlobalSection(ProjectConfigurationPlatforms) = postSolution
		{7D0E42BC-64A1-4E54-BB45-CEF55E4AF066}.Debug|Any CPU.ActiveCfg = Debug|Any CPU
		{7D0E42BC-64A1-4E54-BB45-CEF55E4AF066}.Debug|Any CPU.Build.0 = Debug|Any CPU
		{7D0E42BC-64A1-4E54-BB45-CEF55E4AF066}.Release|Any CPU.ActiveCfg = Release|Any CPU
		{7D0E42BC-64A1-4E54-BB45-CEF55E4AF066}.Release|Any CPU.Build.0 = Release|Any CPU
	EndGlobalSection
	GlobalSection(SolutionProperties) = preSolution
		HideSolutionNode = FALSE
	EndGlobalSection
	GlobalSection(ExtensibilityGlobals) = postSolution
		SolutionGuid = {DE0460E9-1471-49F0-B4D6-5DBA30056627}
	EndGlobalSection
EndGlobal
